
Microsoft Visual Studio Solution File, Format Version 12.00
# Visual Studio 15
VisualStudioVersion = 15.0.28307.489
MinimumVisualStudioVersion = 10.0.40219.1
Project("{8BC9CEB8-8B4A-11D0-8D11-00A0C91BC942}") = "Nodos", "Nodos\Nodos.vcxproj", "{EF35C458-0711-4AE1-B615-6DD294666F5A}"
EndProject
Global
	GlobalSection(SolutionConfigurationPlatforms) = preSolution
		Debug|x64 = Debug|x64
		Debug|x86 = Debug|x86
		Release|x64 = Release|x64
		Release|x86 = Release|x86
	EndGlobalSection
	GlobalSection(ProjectConfigurationPlatforms) = postSolution
		{EF35C458-0711-4AE1-B615-6DD294666F5A}.Debug|x64.ActiveCfg = Debug|x64
		{EF35C458-0711-4AE1-B615-6DD294666F5A}.Debug|x64.Build.0 = Debug|x64
		{EF35C458-0711-4AE1-B615-6DD294666F5A}.Debug|x86.ActiveCfg = Debug|Win32
		{EF35C458-0711-4AE1-B615-6DD294666F5A}.Debug|x86.Build.0 = Debug|Win32
		{EF35C458-0711-4AE1-B615-6DD294666F5A}.Release|x64.ActiveCfg = Release|x64
		{EF35C458-0711-4AE1-B615-6DD294666F5A}.Release|x64.Build.0 = Release|x64
		{EF35C458-0711-4AE1-B615-6DD294666F5A}.Release|x86.ActiveCfg = Release|Win32
		{EF35C458-0711-4AE1-B615-6DD294666F5A}.Release|x86.Build.0 = Release|Win32
	EndGlobalSection
	GlobalSection(SolutionProperties) = preSolution
		HideSolutionNode = FALSE
	EndGlobalSection
	GlobalSection(ExtensibilityGlobals) = postSolution
		SolutionGuid = {AF72C1C5-C3A2-42DD-9A33-B439022C867D}
	EndGlobalSection
EndGlobal
